
Microsoft Visual Studio Solution File, Format Version 12.00
# Visual Studio Version 17
VisualStudioVersion = 17.3.32825.248
MinimumVisualStudioVersion = 10.0.40219.1
Project("{2150E333-8FDC-42A3-9474-1A3956D46DE8}") = "MSCliente", "MSCliente", "{B945AABF-6EF2-4C6B-BCD8-42E7AA06CF61}"
EndProject
Project("{2150E333-8FDC-42A3-9474-1A3956D46DE8}") = "Api", "Api", "{FFABC625-7ABC-45C8-9934-E42FC2477661}"
EndProject
Project("{2150E333-8FDC-42A3-9474-1A3956D46DE8}") = "Common", "Common", "{035953C9-8515-4BF8-92F9-4CD4EBCDA394}"
EndProject
Project("{2150E333-8FDC-42A3-9474-1A3956D46DE8}") = "Domain", "Domain", "{F9AD3DC4-FC62-463F-8359-9C7A617D9274}"
EndProject
Project("{2150E333-8FDC-42A3-9474-1A3956D46DE8}") = "Persistence", "Persistence", "{227E9A10-D72F-4CCD-AC48-57D63A8FE469}"
EndProject
Project("{9A19103F-16F7-4668-BE54-9A1E7A4F7556}") = "NttDataTest.Api.Client", "NttDataTest.Api.Client\NttDataTest.Api.Client.csproj", "{8F0092B9-D8E7-4D81-A474-FB8730931BCA}"
EndProject
Project("{9A19103F-16F7-4668-BE54-9A1E7A4F7556}") = "NttDataTest.Common.Client", "NttDataTest.Common.Client\NttDataTest.Common.Client.csproj", "{D1EBA43A-1BF1-4754-926D-25915262D007}"
EndProject
Project("{9A19103F-16F7-4668-BE54-9A1E7A4F7556}") = "NttDataTest.Domain.Client", "NttDataTest.Domain.Client\NttDataTest.Domain.Client.csproj", "{BAE50EAD-638D-47CC-B79A-274885122D5C}"
EndProject
Project("{9A19103F-16F7-4668-BE54-9A1E7A4F7556}") = "NttDataTest.Persistence.Client", "NttDataTest.Persistence.Client\NttDataTest.Persistence.Client.csproj", "{7113D5E0-3987-4567-8DE6-A9FD48A4057B}"
EndProject
Project("{2150E333-8FDC-42A3-9474-1A3956D46DE8}") = "Services", "Services", "{3A99DB03-00C1-4CD6-AC86-3FF29E56DAFC}"
EndProject
Project("{9A19103F-16F7-4668-BE54-9A1E7A4F7556}") = "NttDataTest.Services.Client", "NttDataTest.Services.Client\NttDataTest.Services.Client.csproj", "{0A13668F-5B3C-4412-9D24-27C91CB285B8}"
EndProject
Project("{2150E333-8FDC-42A3-9474-1A3956D46DE8}") = "MSCuentas", "MSCuentas", "{D823BDF3-FFC4-462E-B037-04E894EDB17D}"
EndProject
Project("{2150E333-8FDC-42A3-9474-1A3956D46DE8}") = "Api", "Api", "{D12E89B4-3FCD-4639-8845-984AE1D5293D}"
EndProject
Project("{2150E333-8FDC-42A3-9474-1A3956D46DE8}") = "Common", "Common", "{8411CB93-4AF0-4EC4-9D68-E581DC9AB08B}"
EndProject
Project("{2150E333-8FDC-42A3-9474-1A3956D46DE8}") = "Domain", "Domain", "{DBAEE534-EA5F-4617-992D-1EAC30A78E03}"
EndProject
Project("{2150E333-8FDC-42A3-9474-1A3956D46DE8}") = "Persistence", "Persistence", "{C4D88773-5998-45DE-8B9B-E69FE2C0FC5D}"
EndProject
Project("{2150E333-8FDC-42A3-9474-1A3956D46DE8}") = "Services", "Services", "{98E4573D-9639-47AF-A258-04AABBC17D20}"
EndProject
Project("{9A19103F-16F7-4668-BE54-9A1E7A4F7556}") = "NttDataTest.Domain.Account", "NttDataTest.Domain.Account\NttDataTest.Domain.Account.csproj", "{42D210E8-7187-42DA-B296-3D67562DD0C9}"
EndProject
Project("{9A19103F-16F7-4668-BE54-9A1E7A4F7556}") = "NttDataTest.Api.Account", "NttDataTest.Api.Account\NttDataTest.Api.Account.csproj", "{500EAB17-6658-41C5-A2DB-955C8B2D60BC}"
EndProject
Project("{9A19103F-16F7-4668-BE54-9A1E7A4F7556}") = "NttDataTest.Common.Account", "NttDataTest.Common.Account\NttDataTest.Common.Account.csproj", "{C0F48C74-B333-47A2-BC2E-D1E72ED815CD}"
EndProject
Project("{9A19103F-16F7-4668-BE54-9A1E7A4F7556}") = "NttDataTest.Persistence.Account", "NttDataTest.Persistence.Account\NttDataTest.Persistence.Account.csproj", "{DDB52FE4-8EDD-4CEE-8DBC-6561F8804C38}"
EndProject
Project("{9A19103F-16F7-4668-BE54-9A1E7A4F7556}") = "NttDataTest.Services.Account", "NttDataTest.Services.Account\NttDataTest.Services.Account.csproj", "{5C33C373-EB93-4B56-B72D-8D03603A21D6}"
EndProject
Project("{2150E333-8FDC-42A3-9474-1A3956D46DE8}") = "MSMovimientos", "MSMovimientos", "{AF7DF9E6-5A0D-4228-9EAE-FA038DF84E8B}"
EndProject
Project("{2150E333-8FDC-42A3-9474-1A3956D46DE8}") = "Api", "Api", "{B02749A6-DC71-4EA0-9305-43997E364736}"
EndProject
Project("{2150E333-8FDC-42A3-9474-1A3956D46DE8}") = "Common", "Common", "{B25FA348-A951-453D-B1FF-766B136554DE}"
EndProject
Project("{9A19103F-16F7-4668-BE54-9A1E7A4F7556}") = "NttDataTest.Common.Transaction", "NttDataTest.Common.Transaction\NttDataTest.Common.Transaction.csproj", "{877E6A76-55FD-46B7-A84B-45CCEF31F3B7}"
EndProject
Project("{9A19103F-16F7-4668-BE54-9A1E7A4F7556}") = "NttDataTest.Api.Transaction", "NttDataTest.Api.Transaction\NttDataTest.Api.Transaction.csproj", "{6B7E38AE-C187-49FC-BA20-96E62D7C277F}"
EndProject
Project("{2150E333-8FDC-42A3-9474-1A3956D46DE8}") = "Domain", "Domain", "{90F5247F-614E-4711-B977-41961CDDB8A0}"
EndProject
Project("{9A19103F-16F7-4668-BE54-9A1E7A4F7556}") = "NttDataTest.Domain.Transaction", "NttDataTest.Domain.Transaction\NttDataTest.Domain.Transaction.csproj", "{A1D92C43-A4B0-4543-960F-AA54C6851DFE}"
EndProject
Project("{2150E333-8FDC-42A3-9474-1A3956D46DE8}") = "Persistence", "Persistence", "{0B037C90-8F2F-4D2F-99A1-C3C2FF77E656}"
EndProject
Project("{9A19103F-16F7-4668-BE54-9A1E7A4F7556}") = "NttDataTest.Persistence.Transaction", "NttDataTest.Persistence.Transaction\NttDataTest.Persistence.Transaction.csproj", "{DC55C530-7D49-473A-AE17-F7F91A84062D}"
EndProject
Project("{2150E333-8FDC-42A3-9474-1A3956D46DE8}") = "Services", "Services", "{2306C9F4-8B7C-4430-936B-1D9631F09D01}"
EndProject
Project("{9A19103F-16F7-4668-BE54-9A1E7A4F7556}") = "NttDataTest.Services.Transaction", "NttDataTest.Services.Transaction\NttDataTest.Services.Transaction.csproj", "{F0389EC0-585E-446E-B551-91C1970F8A71}"
EndProject
Project("{9A19103F-16F7-4668-BE54-9A1E7A4F7556}") = "NttDataTest.Services.Proxies.Transaction", "NttDataTest.Services.Proxies.Transaction\NttDataTest.Services.Proxies.Transaction.csproj", "{B6496F95-E9A2-43DA-AEEB-78E6A48348D9}"
EndProject
Project("{9A19103F-16F7-4668-BE54-9A1E7A4F7556}") = "NttDataTest.Services.Proxies.Account", "NttDataTest.Services.Proxies.Account\NttDataTest.Services.Proxies.Account.csproj", "{E62278BB-B58B-47FA-B792-9B94AFF137BB}"
EndProject
Project("{2150E333-8FDC-42A3-9474-1A3956D46DE8}") = "Gateway", "Gateway", "{0602DAF1-876A-4C45-896C-041647DFCDD9}"
EndProject
Project("{9A19103F-16F7-4668-BE54-9A1E7A4F7556}") = "NttDataTest.Api.Gateway", "NttDataTest.Api.Gateway\NttDataTest.Api.Gateway.csproj", "{63632E7C-C153-4235-95BD-64698E6D648D}"
EndProject
Global
	GlobalSection(SolutionConfigurationPlatforms) = preSolution
		Debug|Any CPU = Debug|Any CPU
		Release|Any CPU = Release|Any CPU
	EndGlobalSection
	GlobalSection(ProjectConfigurationPlatforms) = postSolution
		{8F0092B9-D8E7-4D81-A474-FB8730931BCA}.Debug|Any CPU.ActiveCfg = Debug|Any CPU
		{8F0092B9-D8E7-4D81-A474-FB8730931BCA}.Debug|Any CPU.Build.0 = Debug|Any CPU
		{8F0092B9-D8E7-4D81-A474-FB8730931BCA}.Release|Any CPU.ActiveCfg = Release|Any CPU
		{8F0092B9-D8E7-4D81-A474-FB8730931BCA}.Release|Any CPU.Build.0 = Release|Any CPU
		{D1EBA43A-1BF1-4754-926D-25915262D007}.Debug|Any CPU.ActiveCfg = Debug|Any CPU
		{D1EBA43A-1BF1-4754-926D-25915262D007}.Debug|Any CPU.Build.0 = Debug|Any CPU
		{D1EBA43A-1BF1-4754-926D-25915262D007}.Release|Any CPU.ActiveCfg = Release|Any CPU
		{D1EBA43A-1BF1-4754-926D-25915262D007}.Release|Any CPU.Build.0 = Release|Any CPU
		{BAE50EAD-638D-47CC-B79A-274885122D5C}.Debug|Any CPU.ActiveCfg = Debug|Any CPU
		{BAE50EAD-638D-47CC-B79A-274885122D5C}.Debug|Any CPU.Build.0 = Debug|Any CPU
		{BAE50EAD-638D-47CC-B79A-274885122D5C}.Release|Any CPU.ActiveCfg = Release|Any CPU
		{BAE50EAD-638D-47CC-B79A-274885122D5C}.Release|Any CPU.Build.0 = Release|Any CPU
		{7113D5E0-3987-4567-8DE6-A9FD48A4057B}.Debug|Any CPU.ActiveCfg = Debug|Any CPU
		{7113D5E0-3987-4567-8DE6-A9FD48A4057B}.Debug|Any CPU.Build.0 = Debug|Any CPU
		{7113D5E0-3987-4567-8DE6-A9FD48A4057B}.Release|Any CPU.ActiveCfg = Release|Any CPU
		{7113D5E0-3987-4567-8DE6-A9FD48A4057B}.Release|Any CPU.Build.0 = Release|Any CPU
		{0A13668F-5B3C-4412-9D24-27C91CB285B8}.Debug|Any CPU.ActiveCfg = Debug|Any CPU
		{0A13668F-5B3C-4412-9D24-27C91CB285B8}.Debug|Any CPU.Build.0 = Debug|Any CPU
		{0A13668F-5B3C-4412-9D24-27C91CB285B8}.Release|Any CPU.ActiveCfg = Release|Any CPU
		{0A13668F-5B3C-4412-9D24-27C91CB285B8}.Release|Any CPU.Build.0 = Release|Any CPU
		{42D210E8-7187-42DA-B296-3D67562DD0C9}.Debug|Any CPU.ActiveCfg = Debug|Any CPU
		{42D210E8-7187-42DA-B296-3D67562DD0C9}.Debug|Any CPU.Build.0 = Debug|Any CPU
		{42D210E8-7187-42DA-B296-3D67562DD0C9}.Release|Any CPU.ActiveCfg = Release|Any CPU
		{42D210E8-7187-42DA-B296-3D67562DD0C9}.Release|Any CPU.Build.0 = Release|Any CPU
		{500EAB17-6658-41C5-A2DB-955C8B2D60BC}.Debug|Any CPU.ActiveCfg = Debug|Any CPU
		{500EAB17-6658-41C5-A2DB-955C8B2D60BC}.Debug|Any CPU.Build.0 = Debug|Any CPU
		{500EAB17-6658-41C5-A2DB-955C8B2D60BC}.Release|Any CPU.ActiveCfg = Release|Any CPU
		{500EAB17-6658-41C5-A2DB-955C8B2D60BC}.Release|Any CPU.Build.0 = Release|Any CPU
		{C0F48C74-B333-47A2-BC2E-D1E72ED815CD}.Debug|Any CPU.ActiveCfg = Debug|Any CPU
		{C0F48C74-B333-47A2-BC2E-D1E72ED815CD}.Debug|Any CPU.Build.0 = Debug|Any CPU
		{C0F48C74-B333-47A2-BC2E-D1E72ED815CD}.Release|Any CPU.ActiveCfg = Release|Any CPU
		{C0F48C74-B333-47A2-BC2E-D1E72ED815CD}.Release|Any CPU.Build.0 = Release|Any CPU
		{DDB52FE4-8EDD-4CEE-8DBC-6561F8804C38}.Debug|Any CPU.ActiveCfg = Debug|Any CPU
		{DDB52FE4-8EDD-4CEE-8DBC-6561F8804C38}.Debug|Any CPU.Build.0 = Debug|Any CPU
		{DDB52FE4-8EDD-4CEE-8DBC-6561F8804C38}.Release|Any CPU.ActiveCfg = Release|Any CPU
		{DDB52FE4-8EDD-4CEE-8DBC-6561F8804C38}.Release|Any CPU.Build.0 = Release|Any CPU
		{5C33C373-EB93-4B56-B72D-8D03603A21D6}.Debug|Any CPU.ActiveCfg = Debug|Any CPU
		{5C33C373-EB93-4B56-B72D-8D03603A21D6}.Debug|Any CPU.Build.0 = Debug|Any CPU
		{5C33C373-EB93-4B56-B72D-8D03603A21D6}.Release|Any CPU.ActiveCfg = Release|Any CPU
		{5C33C373-EB93-4B56-B72D-8D03603A21D6}.Release|Any CPU.Build.0 = Release|Any CPU
		{877E6A76-55FD-46B7-A84B-45CCEF31F3B7}.Debug|Any CPU.ActiveCfg = Debug|Any CPU
		{877E6A76-55FD-46B7-A84B-45CCEF31F3B7}.Debug|Any CPU.Build.0 = Debug|Any CPU
		{877E6A76-55FD-46B7-A84B-45CCEF31F3B7}.Release|Any CPU.ActiveCfg = Release|Any CPU
		{877E6A76-55FD-46B7-A84B-45CCEF31F3B7}.Release|Any CPU.Build.0 = Release|Any CPU
		{6B7E38AE-C187-49FC-BA20-96E62D7C277F}.Debug|Any CPU.ActiveCfg = Debug|Any CPU
		{6B7E38AE-C187-49FC-BA20-96E62D7C277F}.Debug|Any CPU.Build.0 = Debug|Any CPU
		{6B7E38AE-C187-49FC-BA20-96E62D7C277F}.Release|Any CPU.ActiveCfg = Release|Any CPU
		{6B7E38AE-C187-49FC-BA20-96E62D7C277F}.Release|Any CPU.Build.0 = Release|Any CPU
		{A1D92C43-A4B0-4543-960F-AA54C6851DFE}.Debug|Any CPU.ActiveCfg = Debug|Any CPU
		{A1D92C43-A4B0-4543-960F-AA54C6851DFE}.Debug|Any CPU.Build.0 = Debug|Any CPU
		{A1D92C43-A4B0-4543-960F-AA54C6851DFE}.Release|Any CPU.ActiveCfg = Release|Any CPU
		{A1D92C43-A4B0-4543-960F-AA54C6851DFE}.Release|Any CPU.Build.0 = Release|Any CPU
		{DC55C530-7D49-473A-AE17-F7F91A84062D}.Debug|Any CPU.ActiveCfg = Debug|Any CPU
		{DC55C530-7D49-473A-AE17-F7F91A84062D}.Debug|Any CPU.Build.0 = Debug|Any CPU
		{DC55C530-7D49-473A-AE17-F7F91A84062D}.Release|Any CPU.ActiveCfg = Release|Any CPU
		{DC55C530-7D49-473A-AE17-F7F91A84062D}.Release|Any CPU.Build.0 = Release|Any CPU
		{F0389EC0-585E-446E-B551-91C1970F8A71}.Debug|Any CPU.ActiveCfg = Debug|Any CPU
		{F0389EC0-585E-446E-B551-91C1970F8A71}.Debug|Any CPU.Build.0 = Debug|Any CPU
		{F0389EC0-585E-446E-B551-91C1970F8A71}.Release|Any CPU.ActiveCfg = Release|Any CPU
		{F0389EC0-585E-446E-B551-91C1970F8A71}.Release|Any CPU.Build.0 = Release|Any CPU
		{B6496F95-E9A2-43DA-AEEB-78E6A48348D9}.Debug|Any CPU.ActiveCfg = Debug|Any CPU
		{B6496F95-E9A2-43DA-AEEB-78E6A48348D9}.Debug|Any CPU.Build.0 = Debug|Any CPU
		{B6496F95-E9A2-43DA-AEEB-78E6A48348D9}.Release|Any CPU.ActiveCfg = Release|Any CPU
		{B6496F95-E9A2-43DA-AEEB-78E6A48348D9}.Release|Any CPU.Build.0 = Release|Any CPU
		{E62278BB-B58B-47FA-B792-9B94AFF137BB}.Debug|Any CPU.ActiveCfg = Debug|Any CPU
		{E62278BB-B58B-47FA-B792-9B94AFF137BB}.Debug|Any CPU.Build.0 = Debug|Any CPU
		{E62278BB-B58B-47FA-B792-9B94AFF137BB}.Release|Any CPU.ActiveCfg = Release|Any CPU
		{E62278BB-B58B-47FA-B792-9B94AFF137BB}.Release|Any CPU.Build.0 = Release|Any CPU
		{63632E7C-C153-4235-95BD-64698E6D648D}.Debug|Any CPU.ActiveCfg = Debug|Any CPU
		{63632E7C-C153-4235-95BD-64698E6D648D}.Debug|Any CPU.Build.0 = Debug|Any CPU
		{63632E7C-C153-4235-95BD-64698E6D648D}.Release|Any CPU.ActiveCfg = Release|Any CPU
		{63632E7C-C153-4235-95BD-64698E6D648D}.Release|Any CPU.Build.0 = Release|Any CPU
	EndGlobalSection
	GlobalSection(SolutionProperties) = preSolution
		HideSolutionNode = FALSE
	EndGlobalSection
	GlobalSection(NestedProjects) = preSolution
		{FFABC625-7ABC-45C8-9934-E42FC2477661} = {B945AABF-6EF2-4C6B-BCD8-42E7AA06CF61}
		{035953C9-8515-4BF8-92F9-4CD4EBCDA394} = {B945AABF-6EF2-4C6B-BCD8-42E7AA06CF61}
		{F9AD3DC4-FC62-463F-8359-9C7A617D9274} = {B945AABF-6EF2-4C6B-BCD8-42E7AA06CF61}
		{227E9A10-D72F-4CCD-AC48-57D63A8FE469} = {B945AABF-6EF2-4C6B-BCD8-42E7AA06CF61}
		{8F0092B9-D8E7-4D81-A474-FB8730931BCA} = {FFABC625-7ABC-45C8-9934-E42FC2477661}
		{D1EBA43A-1BF1-4754-926D-25915262D007} = {035953C9-8515-4BF8-92F9-4CD4EBCDA394}
		{BAE50EAD-638D-47CC-B79A-274885122D5C} = {F9AD3DC4-FC62-463F-8359-9C7A617D9274}
		{7113D5E0-3987-4567-8DE6-A9FD48A4057B} = {227E9A10-D72F-4CCD-AC48-57D63A8FE469}
		{3A99DB03-00C1-4CD6-AC86-3FF29E56DAFC} = {B945AABF-6EF2-4C6B-BCD8-42E7AA06CF61}
		{0A13668F-5B3C-4412-9D24-27C91CB285B8} = {3A99DB03-00C1-4CD6-AC86-3FF29E56DAFC}
		{D12E89B4-3FCD-4639-8845-984AE1D5293D} = {D823BDF3-FFC4-462E-B037-04E894EDB17D}
		{8411CB93-4AF0-4EC4-9D68-E581DC9AB08B} = {D823BDF3-FFC4-462E-B037-04E894EDB17D}
		{DBAEE534-EA5F-4617-992D-1EAC30A78E03} = {D823BDF3-FFC4-462E-B037-04E894EDB17D}
		{C4D88773-5998-45DE-8B9B-E69FE2C0FC5D} = {D823BDF3-FFC4-462E-B037-04E894EDB17D}
		{98E4573D-9639-47AF-A258-04AABBC17D20} = {D823BDF3-FFC4-462E-B037-04E894EDB17D}
		{42D210E8-7187-42DA-B296-3D67562DD0C9} = {DBAEE534-EA5F-4617-992D-1EAC30A78E03}
		{500EAB17-6658-41C5-A2DB-955C8B2D60BC} = {D12E89B4-3FCD-4639-8845-984AE1D5293D}
		{C0F48C74-B333-47A2-BC2E-D1E72ED815CD} = {8411CB93-4AF0-4EC4-9D68-E581DC9AB08B}
		{DDB52FE4-8EDD-4CEE-8DBC-6561F8804C38} = {C4D88773-5998-45DE-8B9B-E69FE2C0FC5D}
		{5C33C373-EB93-4B56-B72D-8D03603A21D6} = {98E4573D-9639-47AF-A258-04AABBC17D20}
		{B02749A6-DC71-4EA0-9305-43997E364736} = {AF7DF9E6-5A0D-4228-9EAE-FA038DF84E8B}
		{B25FA348-A951-453D-B1FF-766B136554DE} = {AF7DF9E6-5A0D-4228-9EAE-FA038DF84E8B}
		{877E6A76-55FD-46B7-A84B-45CCEF31F3B7} = {B25FA348-A951-453D-B1FF-766B136554DE}
		{6B7E38AE-C187-49FC-BA20-96E62D7C277F} = {B02749A6-DC71-4EA0-9305-43997E364736}
		{90F5247F-614E-4711-B977-41961CDDB8A0} = {AF7DF9E6-5A0D-4228-9EAE-FA038DF84E8B}
		{A1D92C43-A4B0-4543-960F-AA54C6851DFE} = {90F5247F-614E-4711-B977-41961CDDB8A0}
		{0B037C90-8F2F-4D2F-99A1-C3C2FF77E656} = {AF7DF9E6-5A0D-4228-9EAE-FA038DF84E8B}
		{DC55C530-7D49-473A-AE17-F7F91A84062D} = {0B037C90-8F2F-4D2F-99A1-C3C2FF77E656}
		{2306C9F4-8B7C-4430-936B-1D9631F09D01} = {AF7DF9E6-5A0D-4228-9EAE-FA038DF84E8B}
		{F0389EC0-585E-446E-B551-91C1970F8A71} = {2306C9F4-8B7C-4430-936B-1D9631F09D01}
		{B6496F95-E9A2-43DA-AEEB-78E6A48348D9} = {2306C9F4-8B7C-4430-936B-1D9631F09D01}
		{E62278BB-B58B-47FA-B792-9B94AFF137BB} = {98E4573D-9639-47AF-A258-04AABBC17D20}
		{63632E7C-C153-4235-95BD-64698E6D648D} = {0602DAF1-876A-4C45-896C-041647DFCDD9}
	EndGlobalSection
	GlobalSection(ExtensibilityGlobals) = postSolution
		SolutionGuid = {C04B60AE-B044-4A7E-A868-1A2326DC6CD2}
	EndGlobalSection
EndGlobal
